
Microsoft Visual Studio Solution File, Format Version 12.00
# Visual Studio Version 16
VisualStudioVersion = 25.0.1704.2
MinimumVisualStudioVersion = 10.0.40219.1
Project("{FAE04EC0-301F-11D3-BF4B-00C04F79EFBC}") = "Iteration Exercises", "Iteration Exercises\Iteration Exercises.csproj", "{66EE0816-2E5B-454F-99E7-7F245D084537}"
EndProject
Project("{FAE04EC0-301F-11D3-BF4B-00C04F79EFBC}") = "IterationExercises.Test", "IterationExercises.Test\IterationExercises.Test.csproj", "{C2CAE4E4-21D9-48AB-9CD4-EC47F1896A9E}"
EndProject
Global
	GlobalSection(SolutionConfigurationPlatforms) = preSolution
		Debug|Any CPU = Debug|Any CPU
		Release|Any CPU = Release|Any CPU
	EndGlobalSection
	GlobalSection(ProjectConfigurationPlatforms) = postSolution
		{66EE0816-2E5B-454F-99E7-7F245D084537}.Debug|Any CPU.ActiveCfg = Debug|Any CPU
		{66EE0816-2E5B-454F-99E7-7F245D084537}.Debug|Any CPU.Build.0 = Debug|Any CPU
		{66EE0816-2E5B-454F-99E7-7F245D084537}.Release|Any CPU.ActiveCfg = Release|Any CPU
		{66EE0816-2E5B-454F-99E7-7F245D084537}.Release|Any CPU.Build.0 = Release|Any CPU
		{C2CAE4E4-21D9-48AB-9CD4-EC47F1896A9E}.Debug|Any CPU.ActiveCfg = Debug|Any CPU
		{C2CAE4E4-21D9-48AB-9CD4-EC47F1896A9E}.Debug|Any CPU.Build.0 = Debug|Any CPU
		{C2CAE4E4-21D9-48AB-9CD4-EC47F1896A9E}.Release|Any CPU.ActiveCfg = Release|Any CPU
		{C2CAE4E4-21D9-48AB-9CD4-EC47F1896A9E}.Release|Any CPU.Build.0 = Release|Any CPU
	EndGlobalSection
	GlobalSection(SolutionProperties) = preSolution
		HideSolutionNode = FALSE
	EndGlobalSection
	GlobalSection(ExtensibilityGlobals) = postSolution
		SolutionGuid = {CBC2A637-264C-4349-BA91-A5AC8A39B679}
	EndGlobalSection
EndGlobal
